{"name":"gha-uses-semver","key":"actions/checkout","version":"v4.1.7"}
{"name":"gha-uses-semver","key":"actions/setup-go","version":"v5.0.2"}
{"name":"gha-uses-semver","key":"actions/upload-artifact","version":"v4.4.0"}
{"name":"gha-uses-semver","key":"docker/build-push-action","version":"v6.7.0"}
{"name":"gha-uses-semver","key":"docker/login-action","version":"v3.3.0"}
{"name":"gha-uses-semver","key":"docker/setup-buildx-action","version":"v3.6.1"}
{"name":"gha-uses-semver","key":"sigstore/cosign-installer","version":"v3.6.0"}
{"name":"gha-uses-semver","key":"softprops/action-gh-release","version":"v2.0.8"}
{"name":"git-tag-semver","key":"github.com/dominikh/go-tools","version":"v0.5.1"}
{"name":"git-tag-semver","key":"github.com/google/osv-scanner","version":"v1.8.4"}
{"name":"git-tag-semver","key":"github.com/icholy/gomajor","version":"v0.13.2"}
{"name":"git-tag-semver","key":"go.googlesource.com/vuln","version":"v1.1.3"}
{"name":"github-commit-match","key":"actions/checkout:v4.1.7","version":"692973e3d937129bcbf40652eb9f2f61becf3332"}
{"name":"github-commit-match","key":"actions/setup-go:v5.0.2","version":"0a12ed9d6a96ab950c8f026ed9f722fe0da7ef32"}
{"name":"github-commit-match","key":"actions/upload-artifact:v4.4.0","version":"50769540e7f4bd5e21e526ee35c689e35e0d6874"}
{"name":"github-commit-match","key":"docker/build-push-action:v6.7.0","version":"5cd11c3a4ced054e52742c5fd54dca954e0edd85"}
{"name":"github-commit-match","key":"docker/login-action:v3.3.0","version":"9780b0c442fbb1117ed29e0efdff1e18412f7567"}
{"name":"github-commit-match","key":"docker/setup-buildx-action:v3.6.1","version":"988b5a0280414f521da01fcc63a27aeeb4b104db"}
{"name":"github-commit-match","key":"sigstore/cosign-installer:v3.6.0","version":"4959ce089c160fddf62f7b42464195ba1a56d382"}
{"name":"github-commit-match","key":"softprops/action-gh-release:v2.0.8","version":"c062e08bd532815e2082a85e87e3ef29c3e6d191"}
{"name":"registry-digest-arg","key":"docker.io/library/alpine:3.20.3","version":"sha256:beefdbd8a1da6d2915566fde36db9db0b524eb737fc57cd1367effd16dc0d06d"}
{"name":"registry-digest-arg","key":"docker.io/library/golang:1.23.1-alpine","version":"sha256:fbc3a217775ee3ec2328077ad4f3681bbc2c4a812d63cc8c857c827f1e8e971f"}
{"name":"registry-golang-latest","key":"golang-latest","version":"1.23"}
{"name":"registry-golang-matrix","key":"golang-matrix","version":"[\"1.21\", \"1.22\", \"1.23\"]"}
{"name":"registry-golang-oldest","key":"golang-oldest","version":"1.21"}
{"name":"registry-tag-arg-semver","key":"davidanson/markdownlint-cli2","version":"v0.14.0"}
{"name":"registry-tag-arg-semver","key":"docker.io/library/alpine","version":"3.20.3"}
{"name":"registry-tag-arg-semver","key":"docker.io/library/golang","version":"1.23.1"}
