{"name":"gha-uses-semver","key":"actions/checkout","version":"v4.1.1"}
{"name":"gha-uses-semver","key":"actions/setup-go","version":"v5.0.0"}
{"name":"gha-uses-semver","key":"actions/upload-artifact","version":"v4.0.0"}
{"name":"gha-uses-semver","key":"docker/build-push-action","version":"v5.1.0"}
{"name":"gha-uses-semver","key":"docker/login-action","version":"v3.0.0"}
{"name":"gha-uses-semver","key":"docker/setup-buildx-action","version":"v3.0.0"}
{"name":"gha-uses-semver","key":"sigstore/cosign-installer","version":"v3.3.0"}
{"name":"gha-uses-semver","key":"softprops/action-gh-release","version":"v0.1.15"}
{"name":"git-tag-semver","key":"github.com/dominikh/go-tools","version":"v0.4.6"}
{"name":"git-tag-semver","key":"github.com/google/osv-scanner","version":"v1.5.0"}
{"name":"git-tag-semver","key":"go.googlesource.com/vuln","version":"v1.0.1"}
{"name":"github-commit-match","key":"actions/checkout:v4.1.1","version":"b4ffde65f46336ab88eb53be808477a3936bae11"}
{"name":"github-commit-match","key":"actions/setup-go:v5.0.0","version":"0c52d547c9bc32b1aa3301fd7a9cb496313a4491"}
{"name":"github-commit-match","key":"actions/upload-artifact:v4.0.0","version":"c7d193f32edcb7bfad88892161225aeda64e9392"}
{"name":"github-commit-match","key":"docker/build-push-action:v5.1.0","version":"4a13e500e55cf31b7a5d59a38ab2040ab0f42f56"}
{"name":"github-commit-match","key":"docker/login-action:v3.0.0","version":"343f7c4344506bcbf9b4de18042ae17996df046d"}
{"name":"github-commit-match","key":"docker/setup-buildx-action:v3.0.0","version":"f95db51fddba0c2d1ec667646a06c2ce06100226"}
{"name":"github-commit-match","key":"sigstore/cosign-installer:v3.3.0","version":"9614fae9e5c5eddabb09f90a270fcb487c9f7149"}
{"name":"github-commit-match","key":"softprops/action-gh-release:v0.1.15","version":"de2c0eb89ae2a093876385947365aca7b0e5f844"}
{"name":"registry-digest-arg","key":"docker.io/library/alpine:3.19.0","version":"sha256:51b67269f354137895d43f3b3d810bfacd3945438e94dc5ac55fdac340352f48"}
{"name":"registry-digest-arg","key":"docker.io/library/golang:1.21.5-alpine","version":"sha256:4db4aac30880b978cae5445dd4a706215249ad4f43d28bd7cdf7906e9be8dd6b"}
{"name":"registry-golang-latest","key":"golang-latest","version":"1.21"}
{"name":"registry-golang-matrix","key":"golang-matrix","version":"[\"1.19\", \"1.20\", \"1.21\"]"}
{"name":"registry-golang-oldest","key":"golang-oldest","version":"1.19"}
{"name":"registry-tag-arg-semver","key":"davidanson/markdownlint-cli2","version":"v0.11.0"}
{"name":"registry-tag-arg-semver","key":"docker.io/library/alpine","version":"3.19.0"}
{"name":"registry-tag-arg-semver","key":"docker.io/library/golang","version":"1.21.5"}
{"name":"registry-tag-arg-semver","key":"ghcr.io/igorshubovych/markdownlint-cli","version":"v0.37.0"}
