{"name":"gha-uses-semver","key":"actions/checkout","version":"v4.1.2"}
{"name":"gha-uses-semver","key":"actions/setup-go","version":"v5.0.0"}
{"name":"gha-uses-semver","key":"actions/upload-artifact","version":"v4.3.1"}
{"name":"gha-uses-semver","key":"docker/build-push-action","version":"v5.2.0"}
{"name":"gha-uses-semver","key":"docker/login-action","version":"v3.0.0"}
{"name":"gha-uses-semver","key":"docker/setup-buildx-action","version":"v3.1.0"}
{"name":"gha-uses-semver","key":"sigstore/cosign-installer","version":"v3.4.0"}
{"name":"gha-uses-semver","key":"softprops/action-gh-release","version":"v2.0.3"}
{"name":"git-tag-semver","key":"github.com/dominikh/go-tools","version":"v0.4.7"}
{"name":"git-tag-semver","key":"github.com/google/osv-scanner","version":"v1.7.0"}
{"name":"git-tag-semver","key":"github.com/icholy/gomajor","version":"v0.10.1"}
{"name":"git-tag-semver","key":"go.googlesource.com/vuln","version":"v1.0.4"}
{"name":"github-commit-match","key":"actions/checkout:v4.1.1","version":"b4ffde65f46336ab88eb53be808477a3936bae11"}
{"name":"github-commit-match","key":"actions/checkout:v4.1.2","version":"9bb56186c3b09b4f86b1c65136769dd318469633"}
{"name":"github-commit-match","key":"actions/setup-go:v5.0.0","version":"0c52d547c9bc32b1aa3301fd7a9cb496313a4491"}
{"name":"github-commit-match","key":"actions/upload-artifact:v4.0.0","version":"c7d193f32edcb7bfad88892161225aeda64e9392"}
{"name":"github-commit-match","key":"actions/upload-artifact:v4.1.0","version":"1eb3cb2b3e0f29609092a73eb033bb759a334595"}
{"name":"github-commit-match","key":"actions/upload-artifact:v4.2.0","version":"694cdabd8bdb0f10b2cea11669e1bf5453eed0a6"}
{"name":"github-commit-match","key":"actions/upload-artifact:v4.3.0","version":"26f96dfa697d77e81fd5907df203aa23a56210a8"}
{"name":"github-commit-match","key":"actions/upload-artifact:v4.3.1","version":"5d5d22a31266ced268874388b861e4b58bb5c2f3"}
{"name":"github-commit-match","key":"docker/build-push-action:v5.1.0","version":"4a13e500e55cf31b7a5d59a38ab2040ab0f42f56"}
{"name":"github-commit-match","key":"docker/build-push-action:v5.2.0","version":"af5a7ed5ba88268d5278f7203fb52cd833f66d6e"}
{"name":"github-commit-match","key":"docker/login-action:v3.0.0","version":"343f7c4344506bcbf9b4de18042ae17996df046d"}
{"name":"github-commit-match","key":"docker/setup-buildx-action:v3.0.0","version":"f95db51fddba0c2d1ec667646a06c2ce06100226"}
{"name":"github-commit-match","key":"docker/setup-buildx-action:v3.1.0","version":"0d103c3126aa41d772a8362f6aa67afac040f80c"}
{"name":"github-commit-match","key":"sigstore/cosign-installer:v3.3.0","version":"9614fae9e5c5eddabb09f90a270fcb487c9f7149"}
{"name":"github-commit-match","key":"sigstore/cosign-installer:v3.4.0","version":"e1523de7571e31dbe865fd2e80c5c7c23ae71eb4"}
{"name":"github-commit-match","key":"softprops/action-gh-release:v0.1.15","version":"de2c0eb89ae2a093876385947365aca7b0e5f844"}
{"name":"github-commit-match","key":"softprops/action-gh-release:v2.0.3","version":"3198ee18f814cdf787321b4a32a26ddbf37acc52"}
{"name":"registry-digest-arg","key":"docker.io/library/alpine:3.19.0","version":"sha256:51b67269f354137895d43f3b3d810bfacd3945438e94dc5ac55fdac340352f48"}
{"name":"registry-digest-arg","key":"docker.io/library/alpine:3.19.1","version":"sha256:c5b1261d6d3e43071626931fc004f70149baeba2c8ec672bd4f27761f8e1ad6b"}
{"name":"registry-digest-arg","key":"docker.io/library/golang:1.21.5-alpine","version":"sha256:4db4aac30880b978cae5445dd4a706215249ad4f43d28bd7cdf7906e9be8dd6b"}
{"name":"registry-digest-arg","key":"docker.io/library/golang:1.21.6-alpine","version":"sha256:a6a7f1fcf12f5efa9e04b1e75020931a616cd707f14f62ab5262bfbe109aa84a"}
{"name":"registry-digest-arg","key":"docker.io/library/golang:1.22.0-alpine","version":"sha256:8e96e6cff6a388c2f70f5f662b64120941fcd7d4b89d62fec87520323a316bd9"}
{"name":"registry-digest-arg","key":"docker.io/library/golang:1.22.1-alpine","version":"sha256:fc5e5848529786cf1136563452b33d713d5c60b2c787f6b2a077fa6eeefd9114"}
{"name":"registry-golang-latest","key":"golang-latest","version":"1.22"}
{"name":"registry-golang-matrix","key":"golang-matrix","version":"[\"1.20\", \"1.21\", \"1.22\"]"}
{"name":"registry-golang-oldest","key":"golang-oldest","version":"1.20"}
{"name":"registry-tag-arg-semver","key":"davidanson/markdownlint-cli2","version":"v0.12.1"}
{"name":"registry-tag-arg-semver","key":"docker.io/library/alpine","version":"3.19.1"}
{"name":"registry-tag-arg-semver","key":"docker.io/library/golang","version":"1.22.1"}
{"name":"registry-tag-arg-semver","key":"ghcr.io/igorshubovych/markdownlint-cli","version":"v0.37.0"}
